// !$*UTF8*$!
{
	archiveVersion = 1;
	classes = {
	};
	objectVersion = 56;
	objects = {

/* Begin PBXBuildFile section */
		3303672E29CE7C9C004164C8 /* TitleTableViewCell.swift in Sources */ = {isa = PBXBuildFile; fileRef = 3303672D29CE7C9C004164C8 /* TitleTableViewCell.swift */; };
		3303673029CE7F01004164C8 /* TItleViewModel.swift in Sources */ = {isa = PBXBuildFile; fileRef = 3303672F29CE7F01004164C8 /* TItleViewModel.swift */; };
		3303673229CE8BBC004164C8 /* SearchResultsViewController.swift in Sources */ = {isa = PBXBuildFile; fileRef = 3303673129CE8BBC004164C8 /* SearchResultsViewController.swift */; };
		3303673629CED3B0004164C8 /* YoutubeSearchResponse.swift in Sources */ = {isa = PBXBuildFile; fileRef = 3303673529CED3B0004164C8 /* YoutubeSearchResponse.swift */; };
		3303673829CED86D004164C8 /* TitlePreviewViewController.swift in Sources */ = {isa = PBXBuildFile; fileRef = 3303673729CED86D004164C8 /* TitlePreviewViewController.swift */; };
		3303673A29CEDADF004164C8 /* TitlePreviewViewModel.swift in Sources */ = {isa = PBXBuildFile; fileRef = 3303673929CEDADF004164C8 /* TitlePreviewViewModel.swift */; };
		33E4C26C29CD268700BE60E0 /* AppDelegate.swift in Sources */ = {isa = PBXBuildFile; fileRef = 33E4C26B29CD268700BE60E0 /* AppDelegate.swift */; };
		33E4C26E29CD268700BE60E0 /* SceneDelegate.swift in Sources */ = {isa = PBXBuildFile; fileRef = 33E4C26D29CD268700BE60E0 /* SceneDelegate.swift */; };
		33E4C27029CD268700BE60E0 /* MainTabBarViewController.swift in Sources */ = {isa = PBXBuildFile; fileRef = 33E4C26F29CD268700BE60E0 /* MainTabBarViewController.swift */; };
		33E4C27529CD268800BE60E0 /* Assets.xcassets in Resources */ = {isa = PBXBuildFile; fileRef = 33E4C27429CD268800BE60E0 /* Assets.xcassets */; };
		33E4C27829CD268800BE60E0 /* LaunchScreen.storyboard in Resources */ = {isa = PBXBuildFile; fileRef = 33E4C27629CD268800BE60E0 /* LaunchScreen.storyboard */; };
		33E4C28129CD292500BE60E0 /* HomeViewController.swift in Sources */ = {isa = PBXBuildFile; fileRef = 33E4C28029CD292500BE60E0 /* HomeViewController.swift */; };
		33E4C28329CD294000BE60E0 /* UpcomingViewController.swift in Sources */ = {isa = PBXBuildFile; fileRef = 33E4C28229CD294000BE60E0 /* UpcomingViewController.swift */; };
		33E4C28529CD295400BE60E0 /* SearchViewController.swift in Sources */ = {isa = PBXBuildFile; fileRef = 33E4C28429CD295400BE60E0 /* SearchViewController.swift */; };
		33E4C28729CD297200BE60E0 /* DownloadsViewController.swift in Sources */ = {isa = PBXBuildFile; fileRef = 33E4C28629CD297200BE60E0 /* DownloadsViewController.swift */; };
		33E4C28F29CD300100BE60E0 /* CollectionViewTableViewCell.swift in Sources */ = {isa = PBXBuildFile; fileRef = 33E4C28E29CD300100BE60E0 /* CollectionViewTableViewCell.swift */; };
		33E4C29129CD37C700BE60E0 /* HeroHeaderUIView.swift in Sources */ = {isa = PBXBuildFile; fileRef = 33E4C29029CD37C700BE60E0 /* HeroHeaderUIView.swift */; };
		33E4C29329CDB10900BE60E0 /* APICaller.swift in Sources */ = {isa = PBXBuildFile; fileRef = 33E4C29229CDB10900BE60E0 /* APICaller.swift */; };
		33E4C29529CDB78300BE60E0 /* Title.swift in Sources */ = {isa = PBXBuildFile; fileRef = 33E4C29429CDB78300BE60E0 /* Title.swift */; };
		33E4C29729CDBC2000BE60E0 /* Extensions.swift in Sources */ = {isa = PBXBuildFile; fileRef = 33E4C29629CDBC2000BE60E0 /* Extensions.swift */; };
		33E4C29B29CDC5DB00BE60E0 /* TitleCollectionViewCell.swift in Sources */ = {isa = PBXBuildFile; fileRef = 33E4C29A29CDC5DB00BE60E0 /* TitleCollectionViewCell.swift */; };
		33E4C29E29CDC70200BE60E0 /* SDWebImage in Frameworks */ = {isa = PBXBuildFile; productRef = 33E4C29D29CDC70200BE60E0 /* SDWebImage */; };
/* End PBXBuildFile section */

/* Begin PBXFileReference section */
		3303672D29CE7C9C004164C8 /* TitleTableViewCell.swift */ = {isa = PBXFileReference; lastKnownFileType = sourcecode.swift; path = TitleTableViewCell.swift; sourceTree = "<group>"; };
		3303672F29CE7F01004164C8 /* TItleViewModel.swift */ = {isa = PBXFileReference; lastKnownFileType = sourcecode.swift; path = TItleViewModel.swift; sourceTree = "<group>"; };
		3303673129CE8BBC004164C8 /* SearchResultsViewController.swift */ = {isa = PBXFileReference; lastKnownFileType = sourcecode.swift; path = SearchResultsViewController.swift; sourceTree = "<group>"; };
		3303673529CED3B0004164C8 /* YoutubeSearchResponse.swift */ = {isa = PBXFileReference; lastKnownFileType = sourcecode.swift; path = YoutubeSearchResponse.swift; sourceTree = "<group>"; };
		3303673729CED86D004164C8 /* TitlePreviewViewController.swift */ = {isa = PBXFileReference; lastKnownFileType = sourcecode.swift; path = TitlePreviewViewController.swift; sourceTree = "<group>"; };
		3303673929CEDADF004164C8 /* TitlePreviewViewModel.swift */ = {isa = PBXFileReference; lastKnownFileType = sourcecode.swift; path = TitlePreviewViewModel.swift; sourceTree = "<group>"; };
		33E4C26829CD268700BE60E0 /* NetflixClone.app */ = {isa = PBXFileReference; explicitFileType = wrapper.application; includeInIndex = 0; path = NetflixClone.app; sourceTree = BUILT_PRODUCTS_DIR; };
		33E4C26B29CD268700BE60E0 /* AppDelegate.swift */ = {isa = PBXFileReference; lastKnownFileType = sourcecode.swift; path = AppDelegate.swift; sourceTree = "<group>"; };
		33E4C26D29CD268700BE60E0 /* SceneDelegate.swift */ = {isa = PBXFileReference; lastKnownFileType = sourcecode.swift; path = SceneDelegate.swift; sourceTree = "<group>"; };
		33E4C26F29CD268700BE60E0 /* MainTabBarViewController.swift */ = {isa = PBXFileReference; lastKnownFileType = sourcecode.swift; path = MainTabBarViewController.swift; sourceTree = "<group>"; };
		33E4C27429CD268800BE60E0 /* Assets.xcassets */ = {isa = PBXFileReference; lastKnownFileType = folder.assetcatalog; path = Assets.xcassets; sourceTree = "<group>"; };
		33E4C27729CD268800BE60E0 /* Base */ = {isa = PBXFileReference; lastKnownFileType = file.storyboard; name = Base; path = Base.lproj/LaunchScreen.storyboard; sourceTree = "<group>"; };
		33E4C27929CD268800BE60E0 /* Info.plist */ = {isa = PBXFileReference; lastKnownFileType = text.plist.xml; path = Info.plist; sourceTree = "<group>"; };
		33E4C28029CD292500BE60E0 /* HomeViewController.swift */ = {isa = PBXFileReference; lastKnownFileType = sourcecode.swift; path = HomeViewController.swift; sourceTree = "<group>"; };
		33E4C28229CD294000BE60E0 /* UpcomingViewController.swift */ = {isa = PBXFileReference; lastKnownFileType = sourcecode.swift; path = UpcomingViewController.swift; sourceTree = "<group>"; };
		33E4C28429CD295400BE60E0 /* SearchViewController.swift */ = {isa = PBXFileReference; lastKnownFileType = sourcecode.swift; path = SearchViewController.swift; sourceTree = "<group>"; };
		33E4C28629CD297200BE60E0 /* DownloadsViewController.swift */ = {isa = PBXFileReference; lastKnownFileType = sourcecode.swift; path = DownloadsViewController.swift; sourceTree = "<group>"; };
		33E4C28E29CD300100BE60E0 /* CollectionViewTableViewCell.swift */ = {isa = PBXFileReference; lastKnownFileType = sourcecode.swift; path = CollectionViewTableViewCell.swift; sourceTree = "<group>"; };
		33E4C29029CD37C700BE60E0 /* HeroHeaderUIView.swift */ = {isa = PBXFileReference; lastKnownFileType = sourcecode.swift; path = HeroHeaderUIView.swift; sourceTree = "<group>"; };
		33E4C29229CDB10900BE60E0 /* APICaller.swift */ = {isa = PBXFileReference; lastKnownFileType = sourcecode.swift; path = APICaller.swift; sourceTree = "<group>"; };
		33E4C29429CDB78300BE60E0 /* Title.swift */ = {isa = PBXFileReference; lastKnownFileType = sourcecode.swift; path = Title.swift; sourceTree = "<group>"; };
		33E4C29629CDBC2000BE60E0 /* Extensions.swift */ = {isa = PBXFileReference; lastKnownFileType = sourcecode.swift; path = Extensions.swift; sourceTree = "<group>"; };
		33E4C29A29CDC5DB00BE60E0 /* TitleCollectionViewCell.swift */ = {isa = PBXFileReference; lastKnownFileType = sourcecode.swift; path = TitleCollectionViewCell.swift; sourceTree = "<group>"; };
/* End PBXFileReference section */

/* Begin PBXFrameworksBuildPhase section */
		33E4C26529CD268700BE60E0 /* Frameworks */ = {
			isa = PBXFrameworksBuildPhase;
			buildActionMask = 2147483647;
			files = (
				33E4C29E29CDC70200BE60E0 /* SDWebImage in Frameworks */,
			);
			runOnlyForDeploymentPostprocessing = 0;
		};
/* End PBXFrameworksBuildPhase section */

/* Begin PBXGroup section */
		3303673329CE8BE3004164C8 /* Core */ = {
			isa = PBXGroup;
			children = (
				33E4C28029CD292500BE60E0 /* HomeViewController.swift */,
				33E4C28229CD294000BE60E0 /* UpcomingViewController.swift */,
				33E4C28429CD295400BE60E0 /* SearchViewController.swift */,
				33E4C28629CD297200BE60E0 /* DownloadsViewController.swift */,
			);
			path = Core;
			sourceTree = "<group>";
		};
		3303673429CE8BF7004164C8 /* General */ = {
			isa = PBXGroup;
			children = (
				3303673129CE8BBC004164C8 /* SearchResultsViewController.swift */,
				3303673729CED86D004164C8 /* TitlePreviewViewController.swift */,
			);
			path = General;
			sourceTree = "<group>";
		};
		33E4C25F29CD268700BE60E0 = {
			isa = PBXGroup;
			children = (
				33E4C26A29CD268700BE60E0 /* NetflixClone */,
				33E4C26929CD268700BE60E0 /* Products */,
			);
			sourceTree = "<group>";
		};
		33E4C26929CD268700BE60E0 /* Products */ = {
			isa = PBXGroup;
			children = (
				33E4C26829CD268700BE60E0 /* NetflixClone.app */,
			);
			name = Products;
			sourceTree = "<group>";
		};
		33E4C26A29CD268700BE60E0 /* NetflixClone */ = {
			isa = PBXGroup;
			children = (
				33E4C28D29CD2FAF00BE60E0 /* Managers */,
				33E4C28C29CD2FA100BE60E0 /* Resources */,
				33E4C28A29CD2F2C00BE60E0 /* Models */,
				33E4C28829CD2F1100BE60E0 /* Views */,
				33E4C28929CD2F2000BE60E0 /* ViewModels */,
				33E4C27F29CD28FE00BE60E0 /* Controllers */,
				33E4C26B29CD268700BE60E0 /* AppDelegate.swift */,
				33E4C26D29CD268700BE60E0 /* SceneDelegate.swift */,
				33E4C26F29CD268700BE60E0 /* MainTabBarViewController.swift */,
				33E4C27429CD268800BE60E0 /* Assets.xcassets */,
				33E4C27629CD268800BE60E0 /* LaunchScreen.storyboard */,
				33E4C27929CD268800BE60E0 /* Info.plist */,
			);
			path = NetflixClone;
			sourceTree = "<group>";
		};
		33E4C27F29CD28FE00BE60E0 /* Controllers */ = {
			isa = PBXGroup;
			children = (
				3303673329CE8BE3004164C8 /* Core */,
				3303673429CE8BF7004164C8 /* General */,
			);
			path = Controllers;
			sourceTree = "<group>";
		};
		33E4C28829CD2F1100BE60E0 /* Views */ = {
			isa = PBXGroup;
			children = (
				33E4C28E29CD300100BE60E0 /* CollectionViewTableViewCell.swift */,
				33E4C29029CD37C700BE60E0 /* HeroHeaderUIView.swift */,
				33E4C29A29CDC5DB00BE60E0 /* TitleCollectionViewCell.swift */,
				3303672D29CE7C9C004164C8 /* TitleTableViewCell.swift */,
			);
			path = Views;
			sourceTree = "<group>";
		};
		33E4C28929CD2F2000BE60E0 /* ViewModels */ = {
			isa = PBXGroup;
			children = (
				3303672F29CE7F01004164C8 /* TItleViewModel.swift */,
				3303673929CEDADF004164C8 /* TitlePreviewViewModel.swift */,
			);
			path = ViewModels;
			sourceTree = "<group>";
		};
		33E4C28A29CD2F2C00BE60E0 /* Models */ = {
			isa = PBXGroup;
			children = (
				33E4C29429CDB78300BE60E0 /* Title.swift */,
				3303673529CED3B0004164C8 /* YoutubeSearchResponse.swift */,
			);
			path = Models;
			sourceTree = "<group>";
		};
		33E4C28C29CD2FA100BE60E0 /* Resources */ = {
			isa = PBXGroup;
			children = (
				33E4C29629CDBC2000BE60E0 /* Extensions.swift */,
			);
			path = Resources;
			sourceTree = "<group>";
		};
		33E4C28D29CD2FAF00BE60E0 /* Managers */ = {
			isa = PBXGroup;
			children = (
				33E4C29229CDB10900BE60E0 /* APICaller.swift */,
			);
			path = Managers;
			sourceTree = "<group>";
		};
/* End PBXGroup section */

/* Begin PBXNativeTarget section */
		33E4C26729CD268700BE60E0 /* NetflixClone */ = {
			isa = PBXNativeTarget;
			buildConfigurationList = 33E4C27C29CD268800BE60E0 /* Build configuration list for PBXNativeTarget "NetflixClone" */;
			buildPhases = (
				33E4C26429CD268700BE60E0 /* Sources */,
				33E4C26529CD268700BE60E0 /* Frameworks */,
				33E4C26629CD268700BE60E0 /* Resources */,
			);
			buildRules = (
			);
			dependencies = (
			);
			name = NetflixClone;
			packageProductDependencies = (
				33E4C29D29CDC70200BE60E0 /* SDWebImage */,
			);
			productName = NetflixClone;
			productReference = 33E4C26829CD268700BE60E0 /* NetflixClone.app */;
			productType = "com.apple.product-type.application";
		};
/* End PBXNativeTarget section */

/* Begin PBXProject section */
		33E4C26029CD268700BE60E0 /* Project object */ = {
			isa = PBXProject;
			attributes = {
				BuildIndependentTargetsInParallel = 1;
				LastSwiftUpdateCheck = 1420;
				LastUpgradeCheck = 1420;
				TargetAttributes = {
					33E4C26729CD268700BE60E0 = {
						CreatedOnToolsVersion = 14.2;
					};
				};
			};
			buildConfigurationList = 33E4C26329CD268700BE60E0 /* Build configuration list for PBXProject "NetflixClone" */;
			compatibilityVersion = "Xcode 14.0";
			developmentRegion = en;
			hasScannedForEncodings = 0;
			knownRegions = (
				en,
				Base,
			);
			mainGroup = 33E4C25F29CD268700BE60E0;
			packageReferences = (
				33E4C29C29CDC70200BE60E0 /* XCRemoteSwiftPackageReference "SDWebImage" */,
			);
			productRefGroup = 33E4C26929CD268700BE60E0 /* Products */;
			projectDirPath = "";
			projectRoot = "";
			targets = (
				33E4C26729CD268700BE60E0 /* NetflixClone */,
			);
		};
/* End PBXProject section */

/* Begin PBXResourcesBuildPhase section */
		33E4C26629CD268700BE60E0 /* Resources */ = {
			isa = PBXResourcesBuildPhase;
			buildActionMask = 2147483647;
			files = (
				33E4C27829CD268800BE60E0 /* LaunchScreen.storyboard in Resources */,
				33E4C27529CD268800BE60E0 /* Assets.xcassets in Resources */,
			);
			runOnlyForDeploymentPostprocessing = 0;
		};
/* End PBXResourcesBuildPhase section */

/* Begin PBXSourcesBuildPhase section */
		33E4C26429CD268700BE60E0 /* Sources */ = {
			isa = PBXSourcesBuildPhase;
			buildActionMask = 2147483647;
			files = (
				3303672E29CE7C9C004164C8 /* TitleTableViewCell.swift in Sources */,
				33E4C28529CD295400BE60E0 /* SearchViewController.swift in Sources */,
				3303673029CE7F01004164C8 /* TItleViewModel.swift in Sources */,
				33E4C29B29CDC5DB00BE60E0 /* TitleCollectionViewCell.swift in Sources */,
				33E4C27029CD268700BE60E0 /* MainTabBarViewController.swift in Sources */,
				33E4C28F29CD300100BE60E0 /* CollectionViewTableViewCell.swift in Sources */,
				33E4C29329CDB10900BE60E0 /* APICaller.swift in Sources */,
				33E4C29129CD37C700BE60E0 /* HeroHeaderUIView.swift in Sources */,
				33E4C28729CD297200BE60E0 /* DownloadsViewController.swift in Sources */,
				3303673229CE8BBC004164C8 /* SearchResultsViewController.swift in Sources */,
				33E4C26C29CD268700BE60E0 /* AppDelegate.swift in Sources */,
				3303673629CED3B0004164C8 /* YoutubeSearchResponse.swift in Sources */,
				33E4C29729CDBC2000BE60E0 /* Extensions.swift in Sources */,
				3303673A29CEDADF004164C8 /* TitlePreviewViewModel.swift in Sources */,
				33E4C26E29CD268700BE60E0 /* SceneDelegate.swift in Sources */,
				3303673829CED86D004164C8 /* TitlePreviewViewController.swift in Sources */,
				33E4C28329CD294000BE60E0 /* UpcomingViewController.swift in Sources */,
				33E4C29529CDB78300BE60E0 /* Title.swift in Sources */,
				33E4C28129CD292500BE60E0 /* HomeViewController.swift in Sources */,
			);
			runOnlyForDeploymentPostprocessing = 0;
		};
/* End PBXSourcesBuildPhase section */

/* Begin PBXVariantGroup section */
		33E4C27629CD268800BE60E0 /* LaunchScreen.storyboard */ = {
			isa = PBXVariantGroup;
			children = (
				33E4C27729CD268800BE60E0 /* Base */,
			);
			name = LaunchScreen.storyboard;
			sourceTree = "<group>";
		};
/* End PBXVariantGroup section */

/* Begin XCBuildConfiguration section */
		33E4C27A29CD268800BE60E0 /* Debug */ = {
			isa = XCBuildConfiguration;
			buildSettings = {
				ALWAYS_SEARCH_USER_PATHS = NO;
				CLANG_ANALYZER_NONNULL = YES;
				CLANG_ANALYZER_NUMBER_OBJECT_CONVERSION = YES_AGGRESSIVE;
				CLANG_CXX_LANGUAGE_STANDARD = "gnu++20";
				CLANG_ENABLE_MODULES = YES;
				CLANG_ENABLE_OBJC_ARC = YES;
				CLANG_ENABLE_OBJC_WEAK = YES;
				CLANG_WARN_BLOCK_CAPTURE_AUTORELEASING = YES;
				CLANG_WARN_BOOL_CONVERSION = YES;
				CLANG_WARN_COMMA = YES;
				CLANG_WARN_CONSTANT_CONVERSION = YES;
				CLANG_WARN_DEPRECATED_OBJC_IMPLEMENTATIONS = YES;
				CLANG_WARN_DIRECT_OBJC_ISA_USAGE = YES_ERROR;
				CLANG_WARN_DOCUMENTATION_COMMENTS = YES;
				CLANG_WARN_EMPTY_BODY = YES;
				CLANG_WARN_ENUM_CONVERSION = YES;
				CLANG_WARN_INFINITE_RECURSION = YES;
				CLANG_WARN_INT_CONVERSION = YES;
				CLANG_WARN_NON_LITERAL_NULL_CONVERSION = YES;
				CLANG_WARN_OBJC_IMPLICIT_RETAIN_SELF = YES;
				CLANG_WARN_OBJC_LITERAL_CONVERSION = YES;
				CLANG_WARN_OBJC_ROOT_CLASS = YES_ERROR;
				CLANG_WARN_QUOTED_INCLUDE_IN_FRAMEWORK_HEADER = YES;
				CLANG_WARN_RANGE_LOOP_ANALYSIS = YES;
				CLANG_WARN_STRICT_PROTOTYPES = YES;
				CLANG_WARN_SUSPICIOUS_MOVE = YES;
				CLANG_WARN_UNGUARDED_AVAILABILITY = YES_AGGRESSIVE;
				CLANG_WARN_UNREACHABLE_CODE = YES;
				CLANG_WARN__DUPLICATE_METHOD_MATCH = YES;
				COPY_PHASE_STRIP = NO;
				DEBUG_INFORMATION_FORMAT = dwarf;
				ENABLE_STRICT_OBJC_MSGSEND = YES;
				ENABLE_TESTABILITY = YES;
				GCC_C_LANGUAGE_STANDARD = gnu11;
				GCC_DYNAMIC_NO_PIC = NO;
				GCC_NO_COMMON_BLOCKS = YES;
				GCC_OPTIMIZATION_LEVEL = 0;
				GCC_PREPROCESSOR_DEFINITIONS = (
					"DEBUG=1",
					"$(inherited)",
				);
				GCC_WARN_64_TO_32_BIT_CONVERSION = YES;
				GCC_WARN_ABOUT_RETURN_TYPE = YES_ERROR;
				GCC_WARN_UNDECLARED_SELECTOR = YES;
				GCC_WARN_UNINITIALIZED_AUTOS = YES_AGGRESSIVE;
				GCC_WARN_UNUSED_FUNCTION = YES;
				GCC_WARN_UNUSED_VARIABLE = YES;
				IPHONEOS_DEPLOYMENT_TARGET = 16.2;
				MTL_ENABLE_DEBUG_INFO = INCLUDE_SOURCE;
				MTL_FAST_MATH = YES;
				ONLY_ACTIVE_ARCH = YES;
				SDKROOT = iphoneos;
				SWIFT_ACTIVE_COMPILATION_CONDITIONS = DEBUG;
				SWIFT_OPTIMIZATION_LEVEL = "-Onone";
			};
			name = Debug;
		};
		33E4C27B29CD268800BE60E0 /* Release */ = {
			isa = XCBuildConfiguration;
			buildSettings = {
				ALWAYS_SEARCH_USER_PATHS = NO;
				CLANG_ANALYZER_NONNULL = YES;
				CLANG_ANALYZER_NUMBER_OBJECT_CONVERSION = YES_AGGRESSIVE;
				CLANG_CXX_LANGUAGE_STANDARD = "gnu++20";
				CLANG_ENABLE_MODULES = YES;
				CLANG_ENABLE_OBJC_ARC = YES;
				CLANG_ENABLE_OBJC_WEAK = YES;
				CLANG_WARN_BLOCK_CAPTURE_AUTORELEASING = YES;
				CLANG_WARN_BOOL_CONVERSION = YES;
				CLANG_WARN_COMMA = YES;
				CLANG_WARN_CONSTANT_CONVERSION = YES;
				CLANG_WARN_DEPRECATED_OBJC_IMPLEMENTATIONS = YES;
				CLANG_WARN_DIRECT_OBJC_ISA_USAGE = YES_ERROR;
				CLANG_WARN_DOCUMENTATION_COMMENTS = YES;
				CLANG_WARN_EMPTY_BODY = YES;
				CLANG_WARN_ENUM_CONVERSION = YES;
				CLANG_WARN_INFINITE_RECURSION = YES;
				CLANG_WARN_INT_CONVERSION = YES;
				CLANG_WARN_NON_LITERAL_NULL_CONVERSION = YES;
				CLANG_WARN_OBJC_IMPLICIT_RETAIN_SELF = YES;
				CLANG_WARN_OBJC_LITERAL_CONVERSION = YES;
				CLANG_WARN_OBJC_ROOT_CLASS = YES_ERROR;
				CLANG_WARN_QUOTED_INCLUDE_IN_FRAMEWORK_HEADER = YES;
				CLANG_WARN_RANGE_LOOP_ANALYSIS = YES;
				CLANG_WARN_STRICT_PROTOTYPES = YES;
				CLANG_WARN_SUSPICIOUS_MOVE = YES;
				CLANG_WARN_UNGUARDED_AVAILABILITY = YES_AGGRESSIVE;
				CLANG_WARN_UNREACHABLE_CODE = YES;
				CLANG_WARN__DUPLICATE_METHOD_MATCH = YES;
				COPY_PHASE_STRIP = NO;
				DEBUG_INFORMATION_FORMAT = "dwarf-with-dsym";
				ENABLE_NS_ASSERTIONS = NO;
				ENABLE_STRICT_OBJC_MSGSEND = YES;
				GCC_C_LANGUAGE_STANDARD = gnu11;
				GCC_NO_COMMON_BLOCKS = YES;
				GCC_WARN_64_TO_32_BIT_CONVERSION = YES;
				GCC_WARN_ABOUT_RETURN_TYPE = YES_ERROR;
				GCC_WARN_UNDECLARED_SELECTOR = YES;
				GCC_WARN_UNINITIALIZED_AUTOS = YES_AGGRESSIVE;
				GCC_WARN_UNUSED_FUNCTION = YES;
				GCC_WARN_UNUSED_VARIABLE = YES;
				IPHONEOS_DEPLOYMENT_TARGET = 16.2;
				MTL_ENABLE_DEBUG_INFO = NO;
				MTL_FAST_MATH = YES;
				SDKROOT = iphoneos;
				SWIFT_COMPILATION_MODE = wholemodule;
				SWIFT_OPTIMIZATION_LEVEL = "-O";
				VALIDATE_PRODUCT = YES;
			};
			name = Release;
		};
		33E4C27D29CD268800BE60E0 /* Debug */ = {
			isa = XCBuildConfiguration;
			buildSettings = {
				ASSETCATALOG_COMPILER_APPICON_NAME = AppIcon;
				ASSETCATALOG_COMPILER_GLOBAL_ACCENT_COLOR_NAME = AccentColor;
				CODE_SIGN_STYLE = Automatic;
				CURRENT_PROJECT_VERSION = 1;
				DEVELOPMENT_TEAM = 6SU3UM7Z98;
				GENERATE_INFOPLIST_FILE = YES;
				INFOPLIST_FILE = NetflixClone/Info.plist;
				INFOPLIST_KEY_UIApplicationSupportsIndirectInputEvents = YES;
				INFOPLIST_KEY_UILaunchStoryboardName = LaunchScreen;
				INFOPLIST_KEY_UISupportedInterfaceOrientations_iPad = "UIInterfaceOrientationPortrait UIInterfaceOrientationPortraitUpsideDown UIInterfaceOrientationLandscapeLeft UIInterfaceOrientationLandscapeRight";
				INFOPLIST_KEY_UISupportedInterfaceOrientations_iPhone = "UIInterfaceOrientationPortrait UIInterfaceOrientationLandscapeLeft UIInterfaceOrientationLandscapeRight";
				LD_RUNPATH_SEARCH_PATHS = (
					"$(inherited)",
					"@executable_path/Frameworks",
				);
				MARKETING_VERSION = 1.0;
				PRODUCT_BUNDLE_IDENTIFIER = com.sky.NetflixClone;
				PRODUCT_NAME = "$(TARGET_NAME)";
				SWIFT_EMIT_LOC_STRINGS = YES;
				SWIFT_VERSION = 5.0;
				TARGETED_DEVICE_FAMILY = "1,2";
			};
			name = Debug;
		};
		33E4C27E29CD268800BE60E0 /* Release */ = {
			isa = XCBuildConfiguration;
			buildSettings = {
				ASSETCATALOG_COMPILER_APPICON_NAME = AppIcon;
				ASSETCATALOG_COMPILER_GLOBAL_ACCENT_COLOR_NAME = AccentColor;
				CODE_SIGN_STYLE = Automatic;
				CURRENT_PROJECT_VERSION = 1;
				DEVELOPMENT_TEAM = 6SU3UM7Z98;
				GENERATE_INFOPLIST_FILE = YES;
				INFOPLIST_FILE = NetflixClone/Info.plist;
				INFOPLIST_KEY_UIApplicationSupportsIndirectInputEvents = YES;
				INFOPLIST_KEY_UILaunchStoryboardName = LaunchScreen;
				INFOPLIST_KEY_UISupportedInterfaceOrientations_iPad = "UIInterfaceOrientationPortrait UIInterfaceOrientationPortraitUpsideDown UIInterfaceOrientationLandscapeLeft UIInterfaceOrientationLandscapeRight";
				INFOPLIST_KEY_UISupportedInterfaceOrientations_iPhone = "UIInterfaceOrientationPortrait UIInterfaceOrientationLandscapeLeft UIInterfaceOrientationLandscapeRight";
				LD_RUNPATH_SEARCH_PATHS = (
					"$(inherited)",
					"@executable_path/Frameworks",
				);
				MARKETING_VERSION = 1.0;
				PRODUCT_BUNDLE_IDENTIFIER = com.sky.NetflixClone;
				PRODUCT_NAME = "$(TARGET_NAME)";
				SWIFT_EMIT_LOC_STRINGS = YES;
				SWIFT_VERSION = 5.0;
				TARGETED_DEVICE_FAMILY = "1,2";
			};
			name = Release;
		};
/* End XCBuildConfiguration section */

/* Begin XCConfigurationList section */
		33E4C26329CD268700BE60E0 /* Build configuration list for PBXProject "NetflixClone" */ = {
			isa = XCConfigurationList;
			buildConfigurations = (
				33E4C27A29CD268800BE60E0 /* Debug */,
				33E4C27B29CD268800BE60E0 /* Release */,
			);
			defaultConfigurationIsVisible = 0;
			defaultConfigurationName = Release;
		};
		33E4C27C29CD268800BE60E0 /* Build configuration list for PBXNativeTarget "NetflixClone" */ = {
			isa = XCConfigurationList;
			buildConfigurations = (
				33E4C27D29CD268800BE60E0 /* Debug */,
				33E4C27E29CD268800BE60E0 /* Release */,
			);
			defaultConfigurationIsVisible = 0;
			defaultConfigurationName = Release;
		};
/* End XCConfigurationList section */

/* Begin XCRemoteSwiftPackageReference section */
		33E4C29C29CDC70200BE60E0 /* XCRemoteSwiftPackageReference "SDWebImage" */ = {
			isa = XCRemoteSwiftPackageReference;
			repositoryURL = "https://github.com/SDWebImage/SDWebImage.git";
			requirement = {
				kind = upToNextMajorVersion;
				minimumVersion = 5.0.0;
			};
		};
/* End XCRemoteSwiftPackageReference section */

/* Begin XCSwiftPackageProductDependency section */
		33E4C29D29CDC70200BE60E0 /* SDWebImage */ = {
			isa = XCSwiftPackageProductDependency;
			package = 33E4C29C29CDC70200BE60E0 /* XCRemoteSwiftPackageReference "SDWebImage" */;
			productName = SDWebImage;
		};
/* End XCSwiftPackageProductDependency section */
	};
	rootObject = 33E4C26029CD268700BE60E0 /* Project object */;
}
